<?xml version="1.0" encoding="UTF-8" standalone="yes" ?>
<CodeBlocks_project_file>
	<FileVersion major="1" minor="6" />
	<Project>
		<Option title="Polinomios" />
		<Option pch_mode="2" />
		<Option compiler="gcc" />
		<Build>
			<Target title="Debug">
				<Option output="bin/Debug/Polinomios" prefix_auto="1" extension_auto="1" />
				<Option object_output="obj/Debug/" />
				<Option type="1" />
				<Option compiler="gcc" />
				<Compiler>
					<Add option="-g" />
				</Compiler>
			</Target>
			<Target title="Release">
				<Option output="bin/Release/Polinomios" prefix_auto="1" extension_auto="1" />
				<Option object_output="obj/Release/" />
				<Option type="1" />
				<Option compiler="gcc" />
				<Compiler>
					<Add option="-O2" />
				</Compiler>
				<Linker>
					<Add option="-s" />
				</Linker>
			</Target>
		</Build>
		<Compiler>
			<Add option="-Wall" />
			<Add option="-fexceptions" />
		</Compiler>
		<Unit filename="ABBPolinomio.cpp" />
		<Unit filename="ABBPolinomio.h" />
		<Unit filename="Boolean.cpp" />
		<Unit filename="Boolean.h" />
		<Unit filename="EnumComandos.cpp" />
		<Unit filename="EnumComandos.h" />
		<Unit filename="ListaParametros.cpp" />
		<Unit filename="ListaParametros.h" />
		<Unit filename="ListaTerminos.cpp" />
		<Unit filename="ListaTerminos.h" />
		<Unit filename="Polinomio.cpp" />
		<Unit filename="Polinomio.h" />
		<Unit filename="String.cpp" />
		<Unit filename="String.h" />
		<Unit filename="Termino.cpp" />
		<Unit filename="Termino.h" />
		<Unit filename="main.cpp" />
		<Extensions>
			<code_completion />
			<envvars />
			<debugger />
		</Extensions>
	</Project>
</CodeBlocks_project_file>
